
Microsoft Visual Studio Solution File, Format Version 12.00
Project("{FAE04EC0-301F-11D3-BF4B-00C04F79EFBC}") = "V.Udodov.Json", "V.Udodov.Json\V.Udodov.Json.csproj", "{89204DFF-F1F9-4512-B3E1-1256F6E34B88}"
EndProject
Project("{FAE04EC0-301F-11D3-BF4B-00C04F79EFBC}") = "V.Udodov.Json.Tests", "V.Udodov.Json.Tests\V.Udodov.Json.Tests.csproj", "{C287638F-D74F-4BC7-9317-9BB726FBE133}"
EndProject
Project("{2150E333-8FDC-42A3-9474-1A3956D46DE8}") = "Others", "Others", "{F883E96B-614F-4C8B-B9B0-EEB375706031}"
ProjectSection(SolutionItems) = preProject
	Readme.md = Readme.md
	.travis.yml = .travis.yml
	.gitignore = .gitignore
	_config.yml = _config.yml
	appveyor.yml = appveyor.yml
EndProjectSection
EndProject
Global
	GlobalSection(SolutionConfigurationPlatforms) = preSolution
		Debug|Any CPU = Debug|Any CPU
		Release|Any CPU = Release|Any CPU
	EndGlobalSection
	GlobalSection(ProjectConfigurationPlatforms) = postSolution
		{89204DFF-F1F9-4512-B3E1-1256F6E34B88}.Debug|Any CPU.ActiveCfg = Debug|Any CPU
		{89204DFF-F1F9-4512-B3E1-1256F6E34B88}.Debug|Any CPU.Build.0 = Debug|Any CPU
		{89204DFF-F1F9-4512-B3E1-1256F6E34B88}.Release|Any CPU.ActiveCfg = Release|Any CPU
		{89204DFF-F1F9-4512-B3E1-1256F6E34B88}.Release|Any CPU.Build.0 = Release|Any CPU
		{C287638F-D74F-4BC7-9317-9BB726FBE133}.Debug|Any CPU.ActiveCfg = Debug|Any CPU
		{C287638F-D74F-4BC7-9317-9BB726FBE133}.Debug|Any CPU.Build.0 = Debug|Any CPU
		{C287638F-D74F-4BC7-9317-9BB726FBE133}.Release|Any CPU.ActiveCfg = Release|Any CPU
		{C287638F-D74F-4BC7-9317-9BB726FBE133}.Release|Any CPU.Build.0 = Release|Any CPU
	EndGlobalSection
EndGlobal
